// !$*UTF8*$!
{
	archiveVersion = 1;
	classes = {
	};
	objectVersion = 46;
	objects = {

/* Begin PBXBuildFile section */
		746A24541D492EB200950AF2 /* ViewController2.swift in Sources */ = {isa = PBXBuildFile; fileRef = 746A24531D492EB200950AF2 /* ViewController2.swift */; };
		746A24561D49335900950AF2 /* ViewController3.swift in Sources */ = {isa = PBXBuildFile; fileRef = 746A24551D49335900950AF2 /* ViewController3.swift */; };
		74CE35FC1D4923BB00A5F8DE /* AppDelegate.swift in Sources */ = {isa = PBXBuildFile; fileRef = 74CE35FB1D4923BB00A5F8DE /* AppDelegate.swift */; };
		74CE35FE1D4923BB00A5F8DE /* ViewController.swift in Sources */ = {isa = PBXBuildFile; fileRef = 74CE35FD1D4923BB00A5F8DE /* ViewController.swift */; };
		74CE36011D4923BB00A5F8DE /* Main.storyboard in Resources */ = {isa = PBXBuildFile; fileRef = 74CE35FF1D4923BB00A5F8DE /* Main.storyboard */; };
		74CE36031D4923BB00A5F8DE /* Assets.xcassets in Resources */ = {isa = PBXBuildFile; fileRef = 74CE36021D4923BB00A5F8DE /* Assets.xcassets */; };
		74CE36061D4923BB00A5F8DE /* LaunchScreen.storyboard in Resources */ = {isa = PBXBuildFile; fileRef = 74CE36041D4923BB00A5F8DE /* LaunchScreen.storyboard */; };
/* End PBXBuildFile section */

/* Begin PBXFileReference section */
		746A24531D492EB200950AF2 /* ViewController2.swift */ = {isa = PBXFileReference; fileEncoding = 4; lastKnownFileType = sourcecode.swift; path = ViewController2.swift; sourceTree = "<group>"; };
		746A24551D49335900950AF2 /* ViewController3.swift */ = {isa = PBXFileReference; fileEncoding = 4; lastKnownFileType = sourcecode.swift; path = ViewController3.swift; sourceTree = "<group>"; };
		74CE35F81D4923BB00A5F8DE /* NZF 2016.app */ = {isa = PBXFileReference; explicitFileType = wrapper.application; includeInIndex = 0; path = "NZF 2016.app"; sourceTree = BUILT_PRODUCTS_DIR; };
		74CE35FB1D4923BB00A5F8DE /* AppDelegate.swift */ = {isa = PBXFileReference; lastKnownFileType = sourcecode.swift; path = AppDelegate.swift; sourceTree = "<group>"; };
		74CE35FD1D4923BB00A5F8DE /* ViewController.swift */ = {isa = PBXFileReference; lastKnownFileType = sourcecode.swift; path = ViewController.swift; sourceTree = "<group>"; };
		74CE36001D4923BB00A5F8DE /* Base */ = {isa = PBXFileReference; lastKnownFileType = file.storyboard; name = Base; path = Base.lproj/Main.storyboard; sourceTree = "<group>"; };
		74CE36021D4923BB00A5F8DE /* Assets.xcassets */ = {isa = PBXFileReference; lastKnownFileType = folder.assetcatalog; path = Assets.xcassets; sourceTree = "<group>"; };
		74CE36051D4923BB00A5F8DE /* Base */ = {isa = PBXFileReference; lastKnownFileType = file.storyboard; name = Base; path = Base.lproj/LaunchScreen.storyboard; sourceTree = "<group>"; };
		74CE36071D4923BB00A5F8DE /* Info.plist */ = {isa = PBXFileReference; lastKnownFileType = text.plist.xml; path = Info.plist; sourceTree = "<group>"; };
/* End PBXFileReference section */

/* Begin PBXFrameworksBuildPhase section */
		74CE35F51D4923BB00A5F8DE /* Frameworks */ = {
			isa = PBXFrameworksBuildPhase;
			buildActionMask = 2147483647;
			files = (
			);
			runOnlyForDeploymentPostprocessing = 0;
		};
/* End PBXFrameworksBuildPhase section */

/* Begin PBXGroup section */
		74CE35EF1D4923BB00A5F8DE = {
			isa = PBXGroup;
			children = (
				74CE35FA1D4923BB00A5F8DE /* newZealandFiji2016Pics */,
				74CE35F91D4923BB00A5F8DE /* Products */,
			);
			sourceTree = "<group>";
		};
		74CE35F91D4923BB00A5F8DE /* Products */ = {
			isa = PBXGroup;
			children = (
				74CE35F81D4923BB00A5F8DE /* NZF 2016.app */,
			);
			name = Products;
			sourceTree = "<group>";
		};
		74CE35FA1D4923BB00A5F8DE /* newZealandFiji2016Pics */ = {
			isa = PBXGroup;
			children = (
				74CE35FB1D4923BB00A5F8DE /* AppDelegate.swift */,
				74CE35FD1D4923BB00A5F8DE /* ViewController.swift */,
				746A24531D492EB200950AF2 /* ViewController2.swift */,
				746A24551D49335900950AF2 /* ViewController3.swift */,
				74CE35FF1D4923BB00A5F8DE /* Main.storyboard */,
				74CE36021D4923BB00A5F8DE /* Assets.xcassets */,
				74CE36041D4923BB00A5F8DE /* LaunchScreen.storyboard */,
				74CE36071D4923BB00A5F8DE /* Info.plist */,
			);
			path = newZealandFiji2016Pics;
			sourceTree = "<group>";
		};
/* End PBXGroup section */

/* Begin PBXNativeTarget section */
		74CE35F71D4923BB00A5F8DE /* NZF 2016 */ = {
			isa = PBXNativeTarget;
			buildConfigurationList = 74CE360A1D4923BB00A5F8DE /* Build configuration list for PBXNativeTarget "NZF 2016" */;
			buildPhases = (
				74CE35F41D4923BB00A5F8DE /* Sources */,
				74CE35F51D4923BB00A5F8DE /* Frameworks */,
				74CE35F61D4923BB00A5F8DE /* Resources */,
			);
			buildRules = (
			);
			dependencies = (
			);
			name = "NZF 2016";
			productName = newZealandFiji2016Pics;
			productReference = 74CE35F81D4923BB00A5F8DE /* NZF 2016.app */;
			productType = "com.apple.product-type.application";
		};
/* End PBXNativeTarget section */

/* Begin PBXProject section */
		74CE35F01D4923BB00A5F8DE /* Project object */ = {
			isa = PBXProject;
			attributes = {
				LastSwiftUpdateCheck = 0730;
				LastUpgradeCheck = 0730;
				ORGANIZATIONNAME = "Lucia Gordon";
				TargetAttributes = {
					74CE35F71D4923BB00A5F8DE = {
						CreatedOnToolsVersion = 7.3.1;
						DevelopmentTeam = F54X9SW3G2;
					};
				};
			};
			buildConfigurationList = 74CE35F31D4923BB00A5F8DE /* Build configuration list for PBXProject "NZF 2016" */;
			compatibilityVersion = "Xcode 3.2";
			developmentRegion = English;
			hasScannedForEncodings = 0;
			knownRegions = (
				en,
				Base,
			);
			mainGroup = 74CE35EF1D4923BB00A5F8DE;
			productRefGroup = 74CE35F91D4923BB00A5F8DE /* Products */;
			projectDirPath = "";
			projectRoot = "";
			targets = (
				74CE35F71D4923BB00A5F8DE /* NZF 2016 */,
			);
		};
/* End PBXProject section */

/* Begin PBXResourcesBuildPhase section */
		74CE35F61D4923BB00A5F8DE /* Resources */ = {
			isa = PBXResourcesBuildPhase;
			buildActionMask = 2147483647;
			files = (
				74CE36061D4923BB00A5F8DE /* LaunchScreen.storyboard in Resources */,
				74CE36031D4923BB00A5F8DE /* Assets.xcassets in Resources */,
				74CE36011D4923BB00A5F8DE /* Main.storyboard in Resources */,
			);
			runOnlyForDeploymentPostprocessing = 0;
		};
/* End PBXResourcesBuildPhase section */

/* Begin PBXSourcesBuildPhase section */
		74CE35F41D4923BB00A5F8DE /* Sources */ = {
			isa = PBXSourcesBuildPhase;
			buildActionMask = 2147483647;
			files = (
				74CE35FE1D4923BB00A5F8DE /* ViewController.swift in Sources */,
				74CE35FC1D4923BB00A5F8DE /* AppDelegate.swift in Sources */,
				746A24561D49335900950AF2 /* ViewController3.swift in Sources */,
				746A24541D492EB200950AF2 /* ViewController2.swift in Sources */,
			);
			runOnlyForDeploymentPostprocessing = 0;
		};
/* End PBXSourcesBuildPhase section */

/* Begin PBXVariantGroup section */
		74CE35FF1D4923BB00A5F8DE /* Main.storyboard */ = {
			isa = PBXVariantGroup;
			children = (
				74CE36001D4923BB00A5F8DE /* Base */,
			);
			name = Main.storyboard;
			sourceTree = "<group>";
		};
		74CE36041D4923BB00A5F8DE /* LaunchScreen.storyboard */ = {
			isa = PBXVariantGroup;
			children = (
				74CE36051D4923BB00A5F8DE /* Base */,
			);
			name = LaunchScreen.storyboard;
			sourceTree = "<group>";
		};
/* End PBXVariantGroup section */

/* Begin XCBuildConfiguration section */
		74CE36081D4923BB00A5F8DE /* Debug */ = {
			isa = XCBuildConfiguration;
			buildSettings = {
				ALWAYS_SEARCH_USER_PATHS = NO;
				CLANG_ANALYZER_NONNULL = YES;
				CLANG_CXX_LANGUAGE_STANDARD = "gnu++0x";
				CLANG_CXX_LIBRARY = "libc++";
				CLANG_ENABLE_MODULES = YES;
				CLANG_ENABLE_OBJC_ARC = YES;
				CLANG_WARN_BOOL_CONVERSION = YES;
				CLANG_WARN_CONSTANT_CONVERSION = YES;
				CLANG_WARN_DIRECT_OBJC_ISA_USAGE = YES_ERROR;
				CLANG_WARN_EMPTY_BODY = YES;
				CLANG_WARN_ENUM_CONVERSION = YES;
				CLANG_WARN_INT_CONVERSION = YES;
				CLANG_WARN_OBJC_ROOT_CLASS = YES_ERROR;
				CLANG_WARN_UNREACHABLE_CODE = YES;
				CLANG_WARN__DUPLICATE_METHOD_MATCH = YES;
				"CODE_SIGN_IDENTITY[sdk=iphoneos*]" = "iPhone Developer";
				COPY_PHASE_STRIP = NO;
				DEBUG_INFORMATION_FORMAT = dwarf;
				ENABLE_STRICT_OBJC_MSGSEND = YES;
				ENABLE_TESTABILITY = YES;
				GCC_C_LANGUAGE_STANDARD = gnu99;
				GCC_DYNAMIC_NO_PIC = NO;
				GCC_NO_COMMON_BLOCKS = YES;
				GCC_OPTIMIZATION_LEVEL = 0;
				GCC_PREPROCESSOR_DEFINITIONS = (
					"DEBUG=1",
					"$(inherited)",
				);
				GCC_WARN_64_TO_32_BIT_CONVERSION = YES;
				GCC_WARN_ABOUT_RETURN_TYPE = YES_ERROR;
				GCC_WARN_UNDECLARED_SELECTOR = YES;
				GCC_WARN_UNINITIALIZED_AUTOS = YES_AGGRESSIVE;
				GCC_WARN_UNUSED_FUNCTION = YES;
				GCC_WARN_UNUSED_VARIABLE = YES;
				IPHONEOS_DEPLOYMENT_TARGET = 9.3;
				MTL_ENABLE_DEBUG_INFO = YES;
				ONLY_ACTIVE_ARCH = YES;
				SDKROOT = iphoneos;
				SWIFT_OPTIMIZATION_LEVEL = "-Onone";
			};
			name = Debug;
		};
		74CE36091D4923BB00A5F8DE /* Release */ = {
			isa = XCBuildConfiguration;
			buildSettings = {
				ALWAYS_SEARCH_USER_PATHS = NO;
				CLANG_ANALYZER_NONNULL = YES;
				CLANG_CXX_LANGUAGE_STANDARD = "gnu++0x";
				CLANG_CXX_LIBRARY = "libc++";
				CLANG_ENABLE_MODULES = YES;
				CLANG_ENABLE_OBJC_ARC = YES;
				CLANG_WARN_BOOL_CONVERSION = YES;
				CLANG_WARN_CONSTANT_CONVERSION = YES;
				CLANG_WARN_DIRECT_OBJC_ISA_USAGE = YES_ERROR;
				CLANG_WARN_EMPTY_BODY = YES;
				CLANG_WARN_ENUM_CONVERSION = YES;
				CLANG_WARN_INT_CONVERSION = YES;
				CLANG_WARN_OBJC_ROOT_CLASS = YES_ERROR;
				CLANG_WARN_UNREACHABLE_CODE = YES;
				CLANG_WARN__DUPLICATE_METHOD_MATCH = YES;
				"CODE_SIGN_IDENTITY[sdk=iphoneos*]" = "iPhone Developer";
				COPY_PHASE_STRIP = NO;
				DEBUG_INFORMATION_FORMAT = "dwarf-with-dsym";
				ENABLE_NS_ASSERTIONS = NO;
				ENABLE_STRICT_OBJC_MSGSEND = YES;
				GCC_C_LANGUAGE_STANDARD = gnu99;
				GCC_NO_COMMON_BLOCKS = YES;
				GCC_WARN_64_TO_32_BIT_CONVERSION = YES;
				GCC_WARN_ABOUT_RETURN_TYPE = YES_ERROR;
				GCC_WARN_UNDECLARED_SELECTOR = YES;
				GCC_WARN_UNINITIALIZED_AUTOS = YES_AGGRESSIVE;
				GCC_WARN_UNUSED_FUNCTION = YES;
				GCC_WARN_UNUSED_VARIABLE = YES;
				IPHONEOS_DEPLOYMENT_TARGET = 9.3;
				MTL_ENABLE_DEBUG_INFO = NO;
				SDKROOT = iphoneos;
				VALIDATE_PRODUCT = YES;
			};
			name = Release;
		};
		74CE360B1D4923BB00A5F8DE /* Debug */ = {
			isa = XCBuildConfiguration;
			buildSettings = {
				ASSETCATALOG_COMPILER_APPICON_NAME = AppIcon;
				CODE_SIGN_IDENTITY = "iPhone Developer";
				"CODE_SIGN_IDENTITY[sdk=iphoneos*]" = "iPhone Developer";
				INFOPLIST_FILE = newZealandFiji2016Pics/Info.plist;
				LD_RUNPATH_SEARCH_PATHS = "$(inherited) @executable_path/Frameworks";
				PRODUCT_BUNDLE_IDENTIFIER = com.luciagordon.newZealandFiji2016Pics;
				PRODUCT_NAME = "NZF 2016";
				PROVISIONING_PROFILE = "";
			};
			name = Debug;
		};
		74CE360C1D4923BB00A5F8DE /* Release */ = {
			isa = XCBuildConfiguration;
			buildSettings = {
				ASSETCATALOG_COMPILER_APPICON_NAME = AppIcon;
				CODE_SIGN_IDENTITY = "iPhone Developer";
				"CODE_SIGN_IDENTITY[sdk=iphoneos*]" = "iPhone Developer";
				INFOPLIST_FILE = newZealandFiji2016Pics/Info.plist;
				LD_RUNPATH_SEARCH_PATHS = "$(inherited) @executable_path/Frameworks";
				PRODUCT_BUNDLE_IDENTIFIER = com.luciagordon.newZealandFiji2016Pics;
				PRODUCT_NAME = "NZF 2016";
				PROVISIONING_PROFILE = "";
			};
			name = Release;
		};
/* End XCBuildConfiguration section */

/* Begin XCConfigurationList section */
		74CE35F31D4923BB00A5F8DE /* Build configuration list for PBXProject "NZF 2016" */ = {
			isa = XCConfigurationList;
			buildConfigurations = (
				74CE36081D4923BB00A5F8DE /* Debug */,
				74CE36091D4923BB00A5F8DE /* Release */,
			);
			defaultConfigurationIsVisible = 0;
			defaultConfigurationName = Release;
		};
		74CE360A1D4923BB00A5F8DE /* Build configuration list for PBXNativeTarget "NZF 2016" */ = {
			isa = XCConfigurationList;
			buildConfigurations = (
				74CE360B1D4923BB00A5F8DE /* Debug */,
				74CE360C1D4923BB00A5F8DE /* Release */,
			);
			defaultConfigurationIsVisible = 0;
			defaultConfigurationName = Release;
		};
/* End XCConfigurationList section */
	};
	rootObject = 74CE35F01D4923BB00A5F8DE /* Project object */;
}
